
Microsoft Visual Studio Solution File, Format Version 12.00
# Visual Studio Version 16
VisualStudioVersion = 16.0.29324.140
MinimumVisualStudioVersion = 10.0.40219.1
Project("{FAE04EC0-301F-11D3-BF4B-00C04F79EFBC}") = "HWMonitor", "HWMonitor\HWMonitor.csproj", "{88D4E8CF-C083-4DB6-A070-40641B9DE5DB}"
EndProject
Global
	GlobalSection(SolutionConfigurationPlatforms) = preSolution
		Debug|Any CPU = Debug|Any CPU
		Release|Any CPU = Release|Any CPU
	EndGlobalSection
	GlobalSection(ProjectConfigurationPlatforms) = postSolution
		{88D4E8CF-C083-4DB6-A070-40641B9DE5DB}.Debug|Any CPU.ActiveCfg = Debug|Any CPU
		{88D4E8CF-C083-4DB6-A070-40641B9DE5DB}.Debug|Any CPU.Build.0 = Debug|Any CPU
		{88D4E8CF-C083-4DB6-A070-40641B9DE5DB}.Release|Any CPU.ActiveCfg = Release|Any CPU
		{88D4E8CF-C083-4DB6-A070-40641B9DE5DB}.Release|Any CPU.Build.0 = Release|Any CPU
	EndGlobalSection
	GlobalSection(SolutionProperties) = preSolution
		HideSolutionNode = FALSE
	EndGlobalSection
	GlobalSection(ExtensibilityGlobals) = postSolution
		SolutionGuid = {09B759D9-804D-48C6-8D4C-44D1E823B787}
	EndGlobalSection
EndGlobal
